
Microsoft Visual Studio Solution File, Format Version 12.00
# Visual Studio 14
VisualStudioVersion = 14.0.25420.1
MinimumVisualStudioVersion = 10.0.40219.1
Project("{2150E333-8FDC-42A3-9474-1A3956D46DE8}") = ".paket", ".paket", "{F4080401-ED7E-4905-B475-2D53FD7D79E9}"
	ProjectSection(SolutionItems) = preProject
		paket.dependencies = paket.dependencies
		paket.lock = paket.lock
	EndProjectSection
EndProject
Project("{FAE04EC0-301F-11D3-BF4B-00C04F79EFBC}") = "MogBot.Host", "MogBot.Host\MogBot.Host.csproj", "{88914BD0-153B-4140-94D5-8FEF7F8422DA}"
EndProject
Project("{2150E333-8FDC-42A3-9474-1A3956D46DE8}") = ".git", ".git", "{FA64BF60-6088-4F4E-9BCE-21066AC3F428}"
	ProjectSection(SolutionItems) = preProject
		.gitattributes = .gitattributes
		.gitignore = .gitignore
	EndProjectSection
EndProject
Global
	GlobalSection(SolutionConfigurationPlatforms) = preSolution
		Debug|Any CPU = Debug|Any CPU
		Release|Any CPU = Release|Any CPU
	EndGlobalSection
	GlobalSection(ProjectConfigurationPlatforms) = postSolution
		{88914BD0-153B-4140-94D5-8FEF7F8422DA}.Debug|Any CPU.ActiveCfg = Debug|Any CPU
		{88914BD0-153B-4140-94D5-8FEF7F8422DA}.Debug|Any CPU.Build.0 = Debug|Any CPU
		{88914BD0-153B-4140-94D5-8FEF7F8422DA}.Release|Any CPU.ActiveCfg = Release|Any CPU
		{88914BD0-153B-4140-94D5-8FEF7F8422DA}.Release|Any CPU.Build.0 = Release|Any CPU
	EndGlobalSection
	GlobalSection(SolutionProperties) = preSolution
		HideSolutionNode = FALSE
	EndGlobalSection
EndGlobal
